
Microsoft Visual Studio Solution File, Format Version 12.00
# Visual Studio Version 17
VisualStudioVersion = 17.4.33213.308
MinimumVisualStudioVersion = 10.0.40219.1
Project("{FAE04EC0-301F-11D3-BF4B-00C04F79EFBC}") = "Reflex_Project", "Reflex_Project.csproj", "{7548A9D8-936A-4C46-8227-A1F7C7F45C14}"
EndProject
Global
	GlobalSection(SolutionConfigurationPlatforms) = preSolution
		Debug|Any CPU = Debug|Any CPU
		Release|Any CPU = Release|Any CPU
	EndGlobalSection
	GlobalSection(ProjectConfigurationPlatforms) = postSolution
		{7548A9D8-936A-4C46-8227-A1F7C7F45C14}.Debug|Any CPU.ActiveCfg = Debug|Any CPU
		{7548A9D8-936A-4C46-8227-A1F7C7F45C14}.Debug|Any CPU.Build.0 = Debug|Any CPU
		{7548A9D8-936A-4C46-8227-A1F7C7F45C14}.Release|Any CPU.ActiveCfg = Release|Any CPU
		{7548A9D8-936A-4C46-8227-A1F7C7F45C14}.Release|Any CPU.Build.0 = Release|Any CPU
	EndGlobalSection
	GlobalSection(SolutionProperties) = preSolution
		HideSolutionNode = FALSE
	EndGlobalSection
	GlobalSection(ExtensibilityGlobals) = postSolution
		SolutionGuid = {6B26FB3C-BED2-4A43-9A91-28EDA60DC82A}
	EndGlobalSection
EndGlobal
